Microsoft Visual Studio Solution File, Format Version 11.00
# Visual Studio 2008

Project("{CA98A3BB-AFB4-77D4-20A1-54021390BA4D}") = "Spellslingers", "Assembly-CSharp-firstpass.csproj", "{90085535-D001-B4FE-48F5-B5F7B0DA2890}"
EndProject
Project("{CA98A3BB-AFB4-77D4-20A1-54021390BA4D}") = "Spellslingers", "Assembly-CSharp.csproj", "{90EFF3D0-5E11-269B-1B33-168DA5A2E287}"
EndProject
Project("{CA98A3BB-AFB4-77D4-20A1-54021390BA4D}") = "Spellslingers", "Assembly-CSharp-Editor.csproj", "{C185569E-F9BE-44FD-E71A-3CF5FCE7D50D}"
EndProject
Global
	GlobalSection(SolutionConfigurationPlatforms) = preSolution
		Debug|Any CPU = Debug|Any CPU
		Release|Any CPU = Release|Any CPU
	EndGlobalSection
	GlobalSection(ProjectConfigurationPlatforms) = postSolution
		{90085535-D001-B4FE-48F5-B5F7B0DA2890}.Debug|Any CPU.ActiveCfg = Debug|Any CPU
		{90085535-D001-B4FE-48F5-B5F7B0DA2890}.Debug|Any CPU.Build.0 = Debug|Any CPU
		{90085535-D001-B4FE-48F5-B5F7B0DA2890}.Release|Any CPU.ActiveCfg = Release|Any CPU
		{90085535-D001-B4FE-48F5-B5F7B0DA2890}.Release|Any CPU.Build.0 = Release|Any CPU
		{90EFF3D0-5E11-269B-1B33-168DA5A2E287}.Debug|Any CPU.ActiveCfg = Debug|Any CPU
		{90EFF3D0-5E11-269B-1B33-168DA5A2E287}.Debug|Any CPU.Build.0 = Debug|Any CPU
		{90EFF3D0-5E11-269B-1B33-168DA5A2E287}.Release|Any CPU.ActiveCfg = Release|Any CPU
		{90EFF3D0-5E11-269B-1B33-168DA5A2E287}.Release|Any CPU.Build.0 = Release|Any CPU
		{C185569E-F9BE-44FD-E71A-3CF5FCE7D50D}.Debug|Any CPU.ActiveCfg = Debug|Any CPU
		{C185569E-F9BE-44FD-E71A-3CF5FCE7D50D}.Debug|Any CPU.Build.0 = Debug|Any CPU
		{C185569E-F9BE-44FD-E71A-3CF5FCE7D50D}.Release|Any CPU.ActiveCfg = Release|Any CPU
		{C185569E-F9BE-44FD-E71A-3CF5FCE7D50D}.Release|Any CPU.Build.0 = Release|Any CPU
	EndGlobalSection
	GlobalSection(SolutionProperties) = preSolution
		HideSolutionNode = FALSE
	EndGlobalSection
	GlobalSection(MonoDevelopProperties) = preSolution
		StartupItem = Assembly-CSharp.csproj
	EndGlobalSection
EndGlobal
